
Microsoft Visual Studio Solution File, Format Version 12.00
# Visual Studio Version 16
VisualStudioVersion = 16.0.31410.357
MinimumVisualStudioVersion = 10.0.40219.1
Project("{FAE04EC0-301F-11D3-BF4B-00C04F79EFBC}") = "communication-log", "communication-log\communication-log.csproj", "{24FE4477-21B9-448B-9480-951CF27A18AC}"
EndProject
Global
	GlobalSection(SolutionConfigurationPlatforms) = preSolution
		Debug|Any CPU = Debug|Any CPU
		Release|Any CPU = Release|Any CPU
	EndGlobalSection
	GlobalSection(ProjectConfigurationPlatforms) = postSolution
		{24FE4477-21B9-448B-9480-951CF27A18AC}.Debug|Any CPU.ActiveCfg = Debug|Any CPU
		{24FE4477-21B9-448B-9480-951CF27A18AC}.Debug|Any CPU.Build.0 = Debug|Any CPU
		{24FE4477-21B9-448B-9480-951CF27A18AC}.Release|Any CPU.ActiveCfg = Release|Any CPU
		{24FE4477-21B9-448B-9480-951CF27A18AC}.Release|Any CPU.Build.0 = Release|Any CPU
	EndGlobalSection
	GlobalSection(SolutionProperties) = preSolution
		HideSolutionNode = FALSE
	EndGlobalSection
	GlobalSection(ExtensibilityGlobals) = postSolution
		SolutionGuid = {FB195550-1DB1-4DFC-8590-3A82AA7C806D}
	EndGlobalSection
EndGlobal
